lockVersion: 2.0.0
id: db19171e-98a4-4f1e-8a5b-64d273cf6429
management:
  docChecksum: 73e4a14408cae4a2940f5f580cbdfd7b
  docVersion: 1.0.0
  speakeasyVersion: internal
  generationVersion: 2.248.1
  releaseVersion: 0.3.0
  configChecksum: 4d2c91aad8d1ba01898d57b3e9995920
  repoURL: https://github.com/speakeasy-sdks/chrislevn-sample-sdk.git
  repoSubDirectory: .
  installationURL: https://github.com/speakeasy-sdks/chrislevn-sample-sdk.git
  published: true
features:
  go:
    core: 2.94.0
    devContainers: 2.90.0
    errors: 2.81.7
    examples: 2.81.3
    flattening: 2.81.1
    globalSecurity: 2.82.2
    globalServerURLs: 2.82.0
    inputOutputModels: 2.81.1
    serverIDs: 2.81.1
  python:
    core: 4.4.4
    devContainers: 2.86.0
    examples: 2.81.3
    globalSecurity: 2.83.2
    globalServerURLs: 2.82.1
    groups: 2.81.2
    nameOverrides: 2.81.1
generatedFiles:
  - src/the_speakeasy_bar/sdkconfiguration.py
  - src/the_speakeasy_bar/drinks.py
  - src/the_speakeasy_bar/menu.py
  - src/the_speakeasy_bar/sdk.py
  - pylintrc
  - setup.py
  - src/the_speakeasy_bar/__init__.py
  - src/the_speakeasy_bar/utils/__init__.py
  - src/the_speakeasy_bar/utils/retries.py
  - src/the_speakeasy_bar/utils/utils.py
  - src/the_speakeasy_bar/models/errors/sdkerror.py
  - tests/helpers.py
  - src/the_speakeasy_bar/models/operations/list_drinks_v2_get.py
  - src/the_speakeasy_bar/models/components/drink.py
  - src/the_speakeasy_bar/models/components/security.py
  - src/the_speakeasy_bar/models/__init__.py
  - src/the_speakeasy_bar/models/errors/__init__.py
  - src/the_speakeasy_bar/models/operations/__init__.py
  - src/the_speakeasy_bar/models/components/__init__.py
  - docs/models/operations/listdrinksv2getresponse.md
  - docs/models/components/drink.md
  - docs/models/components/security.md
  - docs/sdks/thespeakeasybar/README.md
  - docs/sdks/menu/README.md
  - docs/sdks/drinks/README.md
  - USAGE.md
  - .gitattributes
  - .devcontainer/README.md
  - .devcontainer/devcontainer.json
  - .devcontainer/setup.sh
